
Microsoft Visual Studio Solution File, Format Version 12.00
Project("{FAE04EC0-301F-11D3-BF4B-00C04F79EFBC}") = "Test1", "Test1\Test1.csproj", "{164DE69C-C2E7-44C6-ABF7-91FD77CCB3E0}"
EndProject
Global
	GlobalSection(SolutionConfigurationPlatforms) = preSolution
		Debug|Any CPU = Debug|Any CPU
		Release|Any CPU = Release|Any CPU
	EndGlobalSection
	GlobalSection(ProjectConfigurationPlatforms) = postSolution
		{164DE69C-C2E7-44C6-ABF7-91FD77CCB3E0}.Debug|Any CPU.ActiveCfg = Debug|Any CPU
		{164DE69C-C2E7-44C6-ABF7-91FD77CCB3E0}.Debug|Any CPU.Build.0 = Debug|Any CPU
		{164DE69C-C2E7-44C6-ABF7-91FD77CCB3E0}.Release|Any CPU.ActiveCfg = Release|Any CPU
		{164DE69C-C2E7-44C6-ABF7-91FD77CCB3E0}.Release|Any CPU.Build.0 = Release|Any CPU
	EndGlobalSection
EndGlobal
